
Microsoft Visual Studio Solution File, Format Version 12.00
# Visual Studio 2013
VisualStudioVersion = 12.0.21005.1
MinimumVisualStudioVersion = 10.0.40219.1
Project("{FAE04EC0-301F-11D3-BF4B-00C04F79EFBC}") = "SMSystemNew", "SMSystemNew\SMSystemNew.csproj", "{1E034966-9CBB-41D0-991F-88BB4FD484B0}"
EndProject
Project("{FAE04EC0-301F-11D3-BF4B-00C04F79EFBC}") = "Schedular", "..\..\..\Documents\Visual Studio 2013\Projects\Schedular\Schedular\Schedular.csproj", "{3C92DFB4-654D-427C-920D-16E33DE75FC3}"
EndProject
Global
	GlobalSection(SolutionConfigurationPlatforms) = preSolution
		Debug|Any CPU = Debug|Any CPU
		Release|Any CPU = Release|Any CPU
	EndGlobalSection
	GlobalSection(ProjectConfigurationPlatforms) = postSolution
		{1E034966-9CBB-41D0-991F-88BB4FD484B0}.Debug|Any CPU.ActiveCfg = Debug|Any CPU
		{1E034966-9CBB-41D0-991F-88BB4FD484B0}.Debug|Any CPU.Build.0 = Debug|Any CPU
		{1E034966-9CBB-41D0-991F-88BB4FD484B0}.Release|Any CPU.ActiveCfg = Release|Any CPU
		{1E034966-9CBB-41D0-991F-88BB4FD484B0}.Release|Any CPU.Build.0 = Release|Any CPU
		{3C92DFB4-654D-427C-920D-16E33DE75FC3}.Debug|Any CPU.ActiveCfg = Debug|Any CPU
		{3C92DFB4-654D-427C-920D-16E33DE75FC3}.Debug|Any CPU.Build.0 = Debug|Any CPU
		{3C92DFB4-654D-427C-920D-16E33DE75FC3}.Release|Any CPU.ActiveCfg = Release|Any CPU
		{3C92DFB4-654D-427C-920D-16E33DE75FC3}.Release|Any CPU.Build.0 = Release|Any CPU
	EndGlobalSection
	GlobalSection(SolutionProperties) = preSolution
		HideSolutionNode = FALSE
	EndGlobalSection
EndGlobal
